// !$*UTF8*$!
{
	archiveVersion = 1;
	classes = {
	};
	objectVersion = 56;
	objects = {

/* Begin PBXBuildFile section */
		896366D22BBC905200BEACA2 /* RestaurantApp.swift in Sources */ = {isa = PBXBuildFile; fileRef = 896366D12BBC905200BEACA2 /* RestaurantApp.swift */; };
		896366D42BBC905200BEACA2 /* MainView.swift in Sources */ = {isa = PBXBuildFile; fileRef = 896366D32BBC905200BEACA2 /* MainView.swift */; };
		896366D62BBC905400BEACA2 /* Assets.xcassets in Resources */ = {isa = PBXBuildFile; fileRef = 896366D52BBC905400BEACA2 /* Assets.xcassets */; };
		896366D92BBC905400BEACA2 /* Preview Assets.xcassets in Resources */ = {isa = PBXBuildFile; fileRef = 896366D82BBC905400BEACA2 /* Preview Assets.xcassets */; };
		896366E32BBC905400BEACA2 /* RestaurantTests.swift in Sources */ = {isa = PBXBuildFile; fileRef = 896366E22BBC905400BEACA2 /* RestaurantTests.swift */; };
		896366ED2BBC905400BEACA2 /* RestaurantUITests.swift in Sources */ = {isa = PBXBuildFile; fileRef = 896366EC2BBC905400BEACA2 /* RestaurantUITests.swift */; };
		896366EF2BBC905400BEACA2 /* RestaurantUITestsLaunchTests.swift in Sources */ = {isa = PBXBuildFile; fileRef = 896366EE2BBC905400BEACA2 /* RestaurantUITestsLaunchTests.swift */; };
		896366FC2BBC910500BEACA2 /* AboutView.swift in Sources */ = {isa = PBXBuildFile; fileRef = 896366FB2BBC910500BEACA2 /* AboutView.swift */; };
		896366FE2BBC911700BEACA2 /* GalleryView.swift in Sources */ = {isa = PBXBuildFile; fileRef = 896366FD2BBC911700BEACA2 /* GalleryView.swift */; };
		896367002BBC91AA00BEACA2 /* MenuView.swift in Sources */ = {isa = PBXBuildFile; fileRef = 896366FF2BBC91AA00BEACA2 /* MenuView.swift */; };
		896367042BBC93F100BEACA2 /* MenuItem.swift in Sources */ = {isa = PBXBuildFile; fileRef = 896367012BBC93F100BEACA2 /* MenuItem.swift */; };
		896367052BBC93F100BEACA2 /* DataService.swift in Sources */ = {isa = PBXBuildFile; fileRef = 896367022BBC93F100BEACA2 /* DataService.swift */; };
		896367062BBC93F100BEACA2 /* MenuList.swift in Sources */ = {isa = PBXBuildFile; fileRef = 896367032BBC93F100BEACA2 /* MenuList.swift */; };
		8963673E2BC0D7E800BEACA2 /* PhotoView.swift in Sources */ = {isa = PBXBuildFile; fileRef = 8963673D2BC0D7E800BEACA2 /* PhotoView.swift */; };
/* End PBXBuildFile section */

/* Begin PBXContainerItemProxy section */
		896366DF2BBC905400BEACA2 /* PBXContainerItemProxy */ = {
			isa = PBXContainerItemProxy;
			containerPortal = 896366C62BBC905200BEACA2 /* Project object */;
			proxyType = 1;
			remoteGlobalIDString = 896366CD2BBC905200BEACA2;
			remoteInfo = Restaurant;
		};
		896366E92BBC905400BEACA2 /* PBXContainerItemProxy */ = {
			isa = PBXContainerItemProxy;
			containerPortal = 896366C62BBC905200BEACA2 /* Project object */;
			proxyType = 1;
			remoteGlobalIDString = 896366CD2BBC905200BEACA2;
			remoteInfo = Restaurant;
		};
/* End PBXContainerItemProxy section */

/* Begin PBXFileReference section */
		896366CE2BBC905200BEACA2 /* Restaurant.app */ = {isa = PBXFileReference; explicitFileType = wrapper.application; includeInIndex = 0; path = Restaurant.app; sourceTree = BUILT_PRODUCTS_DIR; };
		896366D12BBC905200BEACA2 /* RestaurantApp.swift */ = {isa = PBXFileReference; lastKnownFileType = sourcecode.swift; path = RestaurantApp.swift; sourceTree = "<group>"; };
		896366D32BBC905200BEACA2 /* MainView.swift */ = {isa = PBXFileReference; lastKnownFileType = sourcecode.swift; path = MainView.swift; sourceTree = "<group>"; };
		896366D52BBC905400BEACA2 /* Assets.xcassets */ = {isa = PBXFileReference; lastKnownFileType = folder.assetcatalog; path = Assets.xcassets; sourceTree = "<group>"; };
		896366D82BBC905400BEACA2 /* Preview Assets.xcassets */ = {isa = PBXFileReference; lastKnownFileType = folder.assetcatalog; path = "Preview Assets.xcassets"; sourceTree = "<group>"; };
		896366DE2BBC905400BEACA2 /* RestaurantTests.xctest */ = {isa = PBXFileReference; explicitFileType = wrapper.cfbundle; includeInIndex = 0; path = RestaurantTests.xctest; sourceTree = BUILT_PRODUCTS_DIR; };
		896366E22BBC905400BEACA2 /* RestaurantTests.swift */ = {isa = PBXFileReference; lastKnownFileType = sourcecode.swift; path = RestaurantTests.swift; sourceTree = "<group>"; };
		896366E82BBC905400BEACA2 /* RestaurantUITests.xctest */ = {isa = PBXFileReference; explicitFileType = wrapper.cfbundle; includeInIndex = 0; path = RestaurantUITests.xctest; sourceTree = BUILT_PRODUCTS_DIR; };
		896366EC2BBC905400BEACA2 /* RestaurantUITests.swift */ = {isa = PBXFileReference; lastKnownFileType = sourcecode.swift; path = RestaurantUITests.swift; sourceTree = "<group>"; };
		896366EE2BBC905400BEACA2 /* RestaurantUITestsLaunchTests.swift */ = {isa = PBXFileReference; lastKnownFileType = sourcecode.swift; path = RestaurantUITestsLaunchTests.swift; sourceTree = "<group>"; };
		896366FB2BBC910500BEACA2 /* AboutView.swift */ = {isa = PBXFileReference; lastKnownFileType = sourcecode.swift; path = AboutView.swift; sourceTree = "<group>"; };
		896366FD2BBC911700BEACA2 /* GalleryView.swift */ = {isa = PBXFileReference; lastKnownFileType = sourcecode.swift; path = GalleryView.swift; sourceTree = "<group>"; };
		896366FF2BBC91AA00BEACA2 /* MenuView.swift */ = {isa = PBXFileReference; lastKnownFileType = sourcecode.swift; path = MenuView.swift; sourceTree = "<group>"; };
		896367012BBC93F100BEACA2 /* MenuItem.swift */ = {isa = PBXFileReference; fileEncoding = 4; lastKnownFileType = sourcecode.swift; path = MenuItem.swift; sourceTree = "<group>"; };
		896367022BBC93F100BEACA2 /* DataService.swift */ = {isa = PBXFileReference; fileEncoding = 4; lastKnownFileType = sourcecode.swift; path = DataService.swift; sourceTree = "<group>"; };
		896367032BBC93F100BEACA2 /* MenuList.swift */ = {isa = PBXFileReference; fileEncoding = 4; lastKnownFileType = sourcecode.swift; path = MenuList.swift; sourceTree = "<group>"; };
		8963673D2BC0D7E800BEACA2 /* PhotoView.swift */ = {isa = PBXFileReference; lastKnownFileType = sourcecode.swift; path = PhotoView.swift; sourceTree = "<group>"; };
/* End PBXFileReference section */

/* Begin PBXFrameworksBuildPhase section */
		896366CB2BBC905200BEACA2 /* Frameworks */ = {
			isa = PBXFrameworksBuildPhase;
			buildActionMask = 2147483647;
			files = (
			);
			runOnlyForDeploymentPostprocessing = 0;
		};
		896366DB2BBC905400BEACA2 /* Frameworks */ = {
			isa = PBXFrameworksBuildPhase;
			buildActionMask = 2147483647;
			files = (
			);
			runOnlyForDeploymentPostprocessing = 0;
		};
		896366E52BBC905400BEACA2 /* Frameworks */ = {
			isa = PBXFrameworksBuildPhase;
			buildActionMask = 2147483647;
			files = (
			);
			runOnlyForDeploymentPostprocessing = 0;
		};
/* End PBXFrameworksBuildPhase section */

/* Begin PBXGroup section */
		896366C52BBC905200BEACA2 = {
			isa = PBXGroup;
			children = (
				896366D02BBC905200BEACA2 /* Restaurant */,
				896366E12BBC905400BEACA2 /* RestaurantTests */,
				896366EB2BBC905400BEACA2 /* RestaurantUITests */,
				896366CF2BBC905200BEACA2 /* Products */,
			);
			sourceTree = "<group>";
		};
		896366CF2BBC905200BEACA2 /* Products */ = {
			isa = PBXGroup;
			children = (
				896366CE2BBC905200BEACA2 /* Restaurant.app */,
				896366DE2BBC905400BEACA2 /* RestaurantTests.xctest */,
				896366E82BBC905400BEACA2 /* RestaurantUITests.xctest */,
			);
			name = Products;
			sourceTree = "<group>";
		};
		896366D02BBC905200BEACA2 /* Restaurant */ = {
			isa = PBXGroup;
			children = (
				896366D12BBC905200BEACA2 /* RestaurantApp.swift */,
				896366D32BBC905200BEACA2 /* MainView.swift */,
				896366D52BBC905400BEACA2 /* Assets.xcassets */,
				896366D72BBC905400BEACA2 /* Preview Content */,
				896366FB2BBC910500BEACA2 /* AboutView.swift */,
				896366FD2BBC911700BEACA2 /* GalleryView.swift */,
				896366FF2BBC91AA00BEACA2 /* MenuView.swift */,
				896367022BBC93F100BEACA2 /* DataService.swift */,
				896367012BBC93F100BEACA2 /* MenuItem.swift */,
				896367032BBC93F100BEACA2 /* MenuList.swift */,
				8963673D2BC0D7E800BEACA2 /* PhotoView.swift */,
			);
			path = Restaurant;
			sourceTree = "<group>";
		};
		896366D72BBC905400BEACA2 /* Preview Content */ = {
			isa = PBXGroup;
			children = (
				896366D82BBC905400BEACA2 /* Preview Assets.xcassets */,
			);
			path = "Preview Content";
			sourceTree = "<group>";
		};
		896366E12BBC905400BEACA2 /* RestaurantTests */ = {
			isa = PBXGroup;
			children = (
				896366E22BBC905400BEACA2 /* RestaurantTests.swift */,
			);
			path = RestaurantTests;
			sourceTree = "<group>";
		};
		896366EB2BBC905400BEACA2 /* RestaurantUITests */ = {
			isa = PBXGroup;
			children = (
				896366EC2BBC905400BEACA2 /* RestaurantUITests.swift */,
				896366EE2BBC905400BEACA2 /* RestaurantUITestsLaunchTests.swift */,
			);
			path = RestaurantUITests;
			sourceTree = "<group>";
		};
/* End PBXGroup section */

/* Begin PBXNativeTarget section */
		896366CD2BBC905200BEACA2 /* Restaurant */ = {
			isa = PBXNativeTarget;
			buildConfigurationList = 896366F22BBC905400BEACA2 /* Build configuration list for PBXNativeTarget "Restaurant" */;
			buildPhases = (
				896366CA2BBC905200BEACA2 /* Sources */,
				896366CB2BBC905200BEACA2 /* Frameworks */,
				896366CC2BBC905200BEACA2 /* Resources */,
			);
			buildRules = (
			);
			dependencies = (
			);
			name = Restaurant;
			productName = Restaurant;
			productReference = 896366CE2BBC905200BEACA2 /* Restaurant.app */;
			productType = "com.apple.product-type.application";
		};
		896366DD2BBC905400BEACA2 /* RestaurantTests */ = {
			isa = PBXNativeTarget;
			buildConfigurationList = 896366F52BBC905400BEACA2 /* Build configuration list for PBXNativeTarget "RestaurantTests" */;
			buildPhases = (
				896366DA2BBC905400BEACA2 /* Sources */,
				896366DB2BBC905400BEACA2 /* Frameworks */,
				896366DC2BBC905400BEACA2 /* Resources */,
			);
			buildRules = (
			);
			dependencies = (
				896366E02BBC905400BEACA2 /* PBXTargetDependency */,
			);
			name = RestaurantTests;
			productName = RestaurantTests;
			productReference = 896366DE2BBC905400BEACA2 /* RestaurantTests.xctest */;
			productType = "com.apple.product-type.bundle.unit-test";
		};
		896366E72BBC905400BEACA2 /* RestaurantUITests */ = {
			isa = PBXNativeTarget;
			buildConfigurationList = 896366F82BBC905400BEACA2 /* Build configuration list for PBXNativeTarget "RestaurantUITests" */;
			buildPhases = (
				896366E42BBC905400BEACA2 /* Sources */,
				896366E52BBC905400BEACA2 /* Frameworks */,
				896366E62BBC905400BEACA2 /* Resources */,
			);
			buildRules = (
			);
			dependencies = (
				896366EA2BBC905400BEACA2 /* PBXTargetDependency */,
			);
			name = RestaurantUITests;
			productName = RestaurantUITests;
			productReference = 896366E82BBC905400BEACA2 /* RestaurantUITests.xctest */;
			productType = "com.apple.product-type.bundle.ui-testing";
		};
/* End PBXNativeTarget section */

/* Begin PBXProject section */
		896366C62BBC905200BEACA2 /* Project object */ = {
			isa = PBXProject;
			attributes = {
				BuildIndependentTargetsInParallel = 1;
				LastSwiftUpdateCheck = 1530;
				LastUpgradeCheck = 1530;
				TargetAttributes = {
					896366CD2BBC905200BEACA2 = {
						CreatedOnToolsVersion = 15.3;
					};
					896366DD2BBC905400BEACA2 = {
						CreatedOnToolsVersion = 15.3;
						TestTargetID = 896366CD2BBC905200BEACA2;
					};
					896366E72BBC905400BEACA2 = {
						CreatedOnToolsVersion = 15.3;
						TestTargetID = 896366CD2BBC905200BEACA2;
					};
				};
			};
			buildConfigurationList = 896366C92BBC905200BEACA2 /* Build configuration list for PBXProject "Restaurant" */;
			compatibilityVersion = "Xcode 14.0";
			developmentRegion = en;
			hasScannedForEncodings = 0;
			knownRegions = (
				en,
				Base,
			);
			mainGroup = 896366C52BBC905200BEACA2;
			productRefGroup = 896366CF2BBC905200BEACA2 /* Products */;
			projectDirPath = "";
			projectRoot = "";
			targets = (
				896366CD2BBC905200BEACA2 /* Restaurant */,
				896366DD2BBC905400BEACA2 /* RestaurantTests */,
				896366E72BBC905400BEACA2 /* RestaurantUITests */,
			);
		};
/* End PBXProject section */

/* Begin PBXResourcesBuildPhase section */
		896366CC2BBC905200BEACA2 /* Resources */ = {
			isa = PBXResourcesBuildPhase;
			buildActionMask = 2147483647;
			files = (
				896366D92BBC905400BEACA2 /* Preview Assets.xcassets in Resources */,
				896366D62BBC905400BEACA2 /* Assets.xcassets in Resources */,
			);
			runOnlyForDeploymentPostprocessing = 0;
		};
		896366DC2BBC905400BEACA2 /* Resources */ = {
			isa = PBXResourcesBuildPhase;
			buildActionMask = 2147483647;
			files = (
			);
			runOnlyForDeploymentPostprocessing = 0;
		};
		896366E62BBC905400BEACA2 /* Resources */ = {
			isa = PBXResourcesBuildPhase;
			buildActionMask = 2147483647;
			files = (
			);
			runOnlyForDeploymentPostprocessing = 0;
		};
/* End PBXResourcesBuildPhase section */

/* Begin PBXSourcesBuildPhase section */
		896366CA2BBC905200BEACA2 /* Sources */ = {
			isa = PBXSourcesBuildPhase;
			buildActionMask = 2147483647;
			files = (
				896367002BBC91AA00BEACA2 /* MenuView.swift in Sources */,
				896367052BBC93F100BEACA2 /* DataService.swift in Sources */,
				896367062BBC93F100BEACA2 /* MenuList.swift in Sources */,
				8963673E2BC0D7E800BEACA2 /* PhotoView.swift in Sources */,
				896366D42BBC905200BEACA2 /* MainView.swift in Sources */,
				896366FC2BBC910500BEACA2 /* AboutView.swift in Sources */,
				896367042BBC93F100BEACA2 /* MenuItem.swift in Sources */,
				896366D22BBC905200BEACA2 /* RestaurantApp.swift in Sources */,
				896366FE2BBC911700BEACA2 /* GalleryView.swift in Sources */,
			);
			runOnlyForDeploymentPostprocessing = 0;
		};
		896366DA2BBC905400BEACA2 /* Sources */ = {
			isa = PBXSourcesBuildPhase;
			buildActionMask = 2147483647;
			files = (
				896366E32BBC905400BEACA2 /* RestaurantTests.swift in Sources */,
			);
			runOnlyForDeploymentPostprocessing = 0;
		};
		896366E42BBC905400BEACA2 /* Sources */ = {
			isa = PBXSourcesBuildPhase;
			buildActionMask = 2147483647;
			files = (
				896366ED2BBC905400BEACA2 /* RestaurantUITests.swift in Sources */,
				896366EF2BBC905400BEACA2 /* RestaurantUITestsLaunchTests.swift in Sources */,
			);
			runOnlyForDeploymentPostprocessing = 0;
		};
/* End PBXSourcesBuildPhase section */

/* Begin PBXTargetDependency section */
		896366E02BBC905400BEACA2 /* PBXTargetDependency */ = {
			isa = PBXTargetDependency;
			target = 896366CD2BBC905200BEACA2 /* Restaurant */;
			targetProxy = 896366DF2BBC905400BEACA2 /* PBXContainerItemProxy */;
		};
		896366EA2BBC905400BEACA2 /* PBXTargetDependency */ = {
			isa = PBXTargetDependency;
			target = 896366CD2BBC905200BEACA2 /* Restaurant */;
			targetProxy = 896366E92BBC905400BEACA2 /* PBXContainerItemProxy */;
		};
/* End PBXTargetDependency section */

/* Begin XCBuildConfiguration section */
		896366F02BBC905400BEACA2 /* Debug */ = {
			isa = XCBuildConfiguration;
			buildSettings = {
				ALWAYS_SEARCH_USER_PATHS = NO;
				ASSETCATALOG_COMPILER_GENERATE_SWIFT_ASSET_SYMBOL_EXTENSIONS = YES;
				CLANG_ANALYZER_NONNULL = YES;
				CLANG_ANALYZER_NUMBER_OBJECT_CONVERSION = YES_AGGRESSIVE;
				CLANG_CXX_LANGUAGE_STANDARD = "gnu++20";
				CLANG_ENABLE_MODULES = YES;
				CLANG_ENABLE_OBJC_ARC = YES;
				CLANG_ENABLE_OBJC_WEAK = YES;
				CLANG_WARN_BLOCK_CAPTURE_AUTORELEASING = YES;
				CLANG_WARN_BOOL_CONVERSION = YES;
				CLANG_WARN_COMMA = YES;
				CLANG_WARN_CONSTANT_CONVERSION = YES;
				CLANG_WARN_DEPRECATED_OBJC_IMPLEMENTATIONS = YES;
				CLANG_WARN_DIRECT_OBJC_ISA_USAGE = YES_ERROR;
				CLANG_WARN_DOCUMENTATION_COMMENTS = YES;
				CLANG_WARN_EMPTY_BODY = YES;
				CLANG_WARN_ENUM_CONVERSION = YES;
				CLANG_WARN_INFINITE_RECURSION = YES;
				CLANG_WARN_INT_CONVERSION = YES;
				CLANG_WARN_NON_LITERAL_NULL_CONVERSION = YES;
				CLANG_WARN_OBJC_IMPLICIT_RETAIN_SELF = YES;
				CLANG_WARN_OBJC_LITERAL_CONVERSION = YES;
				CLANG_WARN_OBJC_ROOT_CLASS = YES_ERROR;
				CLANG_WARN_QUOTED_INCLUDE_IN_FRAMEWORK_HEADER = YES;
				CLANG_WARN_RANGE_LOOP_ANALYSIS = YES;
				CLANG_WARN_STRICT_PROTOTYPES = YES;
				CLANG_WARN_SUSPICIOUS_MOVE = YES;
				CLANG_WARN_UNGUARDED_AVAILABILITY = YES_AGGRESSIVE;
				CLANG_WARN_UNREACHABLE_CODE = YES;
				CLANG_WARN__DUPLICATE_METHOD_MATCH = YES;
				COPY_PHASE_STRIP = NO;
				DEBUG_INFORMATION_FORMAT = dwarf;
				ENABLE_STRICT_OBJC_MSGSEND = YES;
				ENABLE_TESTABILITY = YES;
				ENABLE_USER_SCRIPT_SANDBOXING = YES;
				GCC_C_LANGUAGE_STANDARD = gnu17;
				GCC_DYNAMIC_NO_PIC = NO;
				GCC_NO_COMMON_BLOCKS = YES;
				GCC_OPTIMIZATION_LEVEL = 0;
				GCC_PREPROCESSOR_DEFINITIONS = (
					"DEBUG=1",
					"$(inherited)",
				);
				GCC_WARN_64_TO_32_BIT_CONVERSION = YES;
				GCC_WARN_ABOUT_RETURN_TYPE = YES_ERROR;
				GCC_WARN_UNDECLARED_SELECTOR = YES;
				GCC_WARN_UNINITIALIZED_AUTOS = YES_AGGRESSIVE;
				GCC_WARN_UNUSED_FUNCTION = YES;
				GCC_WARN_UNUSED_VARIABLE = YES;
				IPHONEOS_DEPLOYMENT_TARGET = 17.4;
				LOCALIZATION_PREFERS_STRING_CATALOGS = YES;
				MTL_ENABLE_DEBUG_INFO = INCLUDE_SOURCE;
				MTL_FAST_MATH = YES;
				ONLY_ACTIVE_ARCH = YES;
				SDKROOT = iphoneos;
				SWIFT_ACTIVE_COMPILATION_CONDITIONS = "DEBUG $(inherited)";
				SWIFT_OPTIMIZATION_LEVEL = "-Onone";
			};
			name = Debug;
		};
		896366F12BBC905400BEACA2 /* Release */ = {
			isa = XCBuildConfiguration;
			buildSettings = {
				ALWAYS_SEARCH_USER_PATHS = NO;
				ASSETCATALOG_COMPILER_GENERATE_SWIFT_ASSET_SYMBOL_EXTENSIONS = YES;
				CLANG_ANALYZER_NONNULL = YES;
				CLANG_ANALYZER_NUMBER_OBJECT_CONVERSION = YES_AGGRESSIVE;
				CLANG_CXX_LANGUAGE_STANDARD = "gnu++20";
				CLANG_ENABLE_MODULES = YES;
				CLANG_ENABLE_OBJC_ARC = YES;
				CLANG_ENABLE_OBJC_WEAK = YES;
				CLANG_WARN_BLOCK_CAPTURE_AUTORELEASING = YES;
				CLANG_WARN_BOOL_CONVERSION = YES;
				CLANG_WARN_COMMA = YES;
				CLANG_WARN_CONSTANT_CONVERSION = YES;
				CLANG_WARN_DEPRECATED_OBJC_IMPLEMENTATIONS = YES;
				CLANG_WARN_DIRECT_OBJC_ISA_USAGE = YES_ERROR;
				CLANG_WARN_DOCUMENTATION_COMMENTS = YES;
				CLANG_WARN_EMPTY_BODY = YES;
				CLANG_WARN_ENUM_CONVERSION = YES;
				CLANG_WARN_INFINITE_RECURSION = YES;
				CLANG_WARN_INT_CONVERSION = YES;
				CLANG_WARN_NON_LITERAL_NULL_CONVERSION = YES;
				CLANG_WARN_OBJC_IMPLICIT_RETAIN_SELF = YES;
				CLANG_WARN_OBJC_LITERAL_CONVERSION = YES;
				CLANG_WARN_OBJC_ROOT_CLASS = YES_ERROR;
				CLANG_WARN_QUOTED_INCLUDE_IN_FRAMEWORK_HEADER = YES;
				CLANG_WARN_RANGE_LOOP_ANALYSIS = YES;
				CLANG_WARN_STRICT_PROTOTYPES = YES;
				CLANG_WARN_SUSPICIOUS_MOVE = YES;
				CLANG_WARN_UNGUARDED_AVAILABILITY = YES_AGGRESSIVE;
				CLANG_WARN_UNREACHABLE_CODE = YES;
				CLANG_WARN__DUPLICATE_METHOD_MATCH = YES;
				COPY_PHASE_STRIP = NO;
				DEBUG_INFORMATION_FORMAT = "dwarf-with-dsym";
				ENABLE_NS_ASSERTIONS = NO;
				ENABLE_STRICT_OBJC_MSGSEND = YES;
				ENABLE_USER_SCRIPT_SANDBOXING = YES;
				GCC_C_LANGUAGE_STANDARD = gnu17;
				GCC_NO_COMMON_BLOCKS = YES;
				GCC_WARN_64_TO_32_BIT_CONVERSION = YES;
				GCC_WARN_ABOUT_RETURN_TYPE = YES_ERROR;
				GCC_WARN_UNDECLARED_SELECTOR = YES;
				GCC_WARN_UNINITIALIZED_AUTOS = YES_AGGRESSIVE;
				GCC_WARN_UNUSED_FUNCTION = YES;
				GCC_WARN_UNUSED_VARIABLE = YES;
				IPHONEOS_DEPLOYMENT_TARGET = 17.4;
				LOCALIZATION_PREFERS_STRING_CATALOGS = YES;
				MTL_ENABLE_DEBUG_INFO = NO;
				MTL_FAST_MATH = YES;
				SDKROOT = iphoneos;
				SWIFT_COMPILATION_MODE = wholemodule;
				VALIDATE_PRODUCT = YES;
			};
			name = Release;
		};
		896366F32BBC905400BEACA2 /* Debug */ = {
			isa = XCBuildConfiguration;
			buildSettings = {
				ASSETCATALOG_COMPILER_APPICON_NAME = AppIcon;
				ASSETCATALOG_COMPILER_GLOBAL_ACCENT_COLOR_NAME = AccentColor;
				CODE_SIGN_STYLE = Automatic;
				CURRENT_PROJECT_VERSION = 1;
				DEVELOPMENT_ASSET_PATHS = "\"Restaurant/Preview Content\"";
				ENABLE_PREVIEWS = YES;
				GENERATE_INFOPLIST_FILE = YES;
				INFOPLIST_KEY_UIApplicationSceneManifest_Generation = YES;
				INFOPLIST_KEY_UIApplicationSupportsIndirectInputEvents = YES;
				INFOPLIST_KEY_UILaunchScreen_Generation = YES;
				INFOPLIST_KEY_UISupportedInterfaceOrientations_iPad = "UIInterfaceOrientationPortrait UIInterfaceOrientationPortraitUpsideDown UIInterfaceOrientationLandscapeLeft UIInterfaceOrientationLandscapeRight";
				INFOPLIST_KEY_UISupportedInterfaceOrientations_iPhone = "UIInterfaceOrientationPortrait UIInterfaceOrientationLandscapeLeft UIInterfaceOrientationLandscapeRight";
				LD_RUNPATH_SEARCH_PATHS = (
					"$(inherited)",
					"@executable_path/Frameworks",
				);
				MARKETING_VERSION = 1.0;
				PRODUCT_BUNDLE_IDENTIFIER = com.naifdev.Restaurant;
				PRODUCT_NAME = "$(TARGET_NAME)";
				SWIFT_EMIT_LOC_STRINGS = YES;
				SWIFT_VERSION = 5.0;
				TARGETED_DEVICE_FAMILY = "1,2";
			};
			name = Debug;
		};
		896366F42BBC905400BEACA2 /* Release */ = {
			isa = XCBuildConfiguration;
			buildSettings = {
				ASSETCATALOG_COMPILER_APPICON_NAME = AppIcon;
				ASSETCATALOG_COMPILER_GLOBAL_ACCENT_COLOR_NAME = AccentColor;
				CODE_SIGN_STYLE = Automatic;
				CURRENT_PROJECT_VERSION = 1;
				DEVELOPMENT_ASSET_PATHS = "\"Restaurant/Preview Content\"";
				ENABLE_PREVIEWS = YES;
				GENERATE_INFOPLIST_FILE = YES;
				INFOPLIST_KEY_UIApplicationSceneManifest_Generation = YES;
				INFOPLIST_KEY_UIApplicationSupportsIndirectInputEvents = YES;
				INFOPLIST_KEY_UILaunchScreen_Generation = YES;
				INFOPLIST_KEY_UISupportedInterfaceOrientations_iPad = "UIInterfaceOrientationPortrait UIInterfaceOrientationPortraitUpsideDown UIInterfaceOrientationLandscapeLeft UIInterfaceOrientationLandscapeRight";
				INFOPLIST_KEY_UISupportedInterfaceOrientations_iPhone = "UIInterfaceOrientationPortrait UIInterfaceOrientationLandscapeLeft UIInterfaceOrientationLandscapeRight";
				LD_RUNPATH_SEARCH_PATHS = (
					"$(inherited)",
					"@executable_path/Frameworks",
				);
				MARKETING_VERSION = 1.0;
				PRODUCT_BUNDLE_IDENTIFIER = com.naifdev.Restaurant;
				PRODUCT_NAME = "$(TARGET_NAME)";
				SWIFT_EMIT_LOC_STRINGS = YES;
				SWIFT_VERSION = 5.0;
				TARGETED_DEVICE_FAMILY = "1,2";
			};
			name = Release;
		};
		896366F62BBC905400BEACA2 /* Debug */ = {
			isa = XCBuildConfiguration;
			buildSettings = {
				ALWAYS_EMBED_SWIFT_STANDARD_LIBRARIES = YES;
				BUNDLE_LOADER = "$(TEST_HOST)";
				CODE_SIGN_STYLE = Automatic;
				CURRENT_PROJECT_VERSION = 1;
				GENERATE_INFOPLIST_FILE = YES;
				IPHONEOS_DEPLOYMENT_TARGET = 17.4;
				MARKETING_VERSION = 1.0;
				PRODUCT_BUNDLE_IDENTIFIER = com.naifdev.RestaurantTests;
				PRODUCT_NAME = "$(TARGET_NAME)";
				SWIFT_EMIT_LOC_STRINGS = NO;
				SWIFT_VERSION = 5.0;
				TARGETED_DEVICE_FAMILY = "1,2";
				TEST_HOST = "$(BUILT_PRODUCTS_DIR)/Restaurant.app/$(BUNDLE_EXECUTABLE_FOLDER_PATH)/Restaurant";
			};
			name = Debug;
		};
		896366F72BBC905400BEACA2 /* Release */ = {
			isa = XCBuildConfiguration;
			buildSettings = {
				ALWAYS_EMBED_SWIFT_STANDARD_LIBRARIES = YES;
				BUNDLE_LOADER = "$(TEST_HOST)";
				CODE_SIGN_STYLE = Automatic;
				CURRENT_PROJECT_VERSION = 1;
				GENERATE_INFOPLIST_FILE = YES;
				IPHONEOS_DEPLOYMENT_TARGET = 17.4;
				MARKETING_VERSION = 1.0;
				PRODUCT_BUNDLE_IDENTIFIER = com.naifdev.RestaurantTests;
				PRODUCT_NAME = "$(TARGET_NAME)";
				SWIFT_EMIT_LOC_STRINGS = NO;
				SWIFT_VERSION = 5.0;
				TARGETED_DEVICE_FAMILY = "1,2";
				TEST_HOST = "$(BUILT_PRODUCTS_DIR)/Restaurant.app/$(BUNDLE_EXECUTABLE_FOLDER_PATH)/Restaurant";
			};
			name = Release;
		};
		896366F92BBC905400BEACA2 /* Debug */ = {
			isa = XCBuildConfiguration;
			buildSettings = {
				ALWAYS_EMBED_SWIFT_STANDARD_LIBRARIES = YES;
				CODE_SIGN_STYLE = Automatic;
				CURRENT_PROJECT_VERSION = 1;
				GENERATE_INFOPLIST_FILE = YES;
				MARKETING_VERSION = 1.0;
				PRODUCT_BUNDLE_IDENTIFIER = com.naifdev.RestaurantUITests;
				PRODUCT_NAME = "$(TARGET_NAME)";
				SWIFT_EMIT_LOC_STRINGS = NO;
				SWIFT_VERSION = 5.0;
				TARGETED_DEVICE_FAMILY = "1,2";
				TEST_TARGET_NAME = Restaurant;
			};
			name = Debug;
		};
		896366FA2BBC905400BEACA2 /* Release */ = {
			isa = XCBuildConfiguration;
			buildSettings = {
				ALWAYS_EMBED_SWIFT_STANDARD_LIBRARIES = YES;
				CODE_SIGN_STYLE = Automatic;
				CURRENT_PROJECT_VERSION = 1;
				GENERATE_INFOPLIST_FILE = YES;
				MARKETING_VERSION = 1.0;
				PRODUCT_BUNDLE_IDENTIFIER = com.naifdev.RestaurantUITests;
				PRODUCT_NAME = "$(TARGET_NAME)";
				SWIFT_EMIT_LOC_STRINGS = NO;
				SWIFT_VERSION = 5.0;
				TARGETED_DEVICE_FAMILY = "1,2";
				TEST_TARGET_NAME = Restaurant;
			};
			name = Release;
		};
/* End XCBuildConfiguration section */

/* Begin XCConfigurationList section */
		896366C92BBC905200BEACA2 /* Build configuration list for PBXProject "Restaurant" */ = {
			isa = XCConfigurationList;
			buildConfigurations = (
				896366F02BBC905400BEACA2 /* Debug */,
				896366F12BBC905400BEACA2 /* Release */,
			);
			defaultConfigurationIsVisible = 0;
			defaultConfigurationName = Release;
		};
		896366F22BBC905400BEACA2 /* Build configuration list for PBXNativeTarget "Restaurant" */ = {
			isa = XCConfigurationList;
			buildConfigurations = (
				896366F32BBC905400BEACA2 /* Debug */,
				896366F42BBC905400BEACA2 /* Release */,
			);
			defaultConfigurationIsVisible = 0;
			defaultConfigurationName = Release;
		};
		896366F52BBC905400BEACA2 /* Build configuration list for PBXNativeTarget "RestaurantTests" */ = {
			isa = XCConfigurationList;
			buildConfigurations = (
				896366F62BBC905400BEACA2 /* Debug */,
				896366F72BBC905400BEACA2 /* Release */,
			);
			defaultConfigurationIsVisible = 0;
			defaultConfigurationName = Release;
		};
		896366F82BBC905400BEACA2 /* Build configuration list for PBXNativeTarget "RestaurantUITests" */ = {
			isa = XCConfigurationList;
			buildConfigurations = (
				896366F92BBC905400BEACA2 /* Debug */,
				896366FA2BBC905400BEACA2 /* Release */,
			);
			defaultConfigurationIsVisible = 0;
			defaultConfigurationName = Release;
		};
/* End XCConfigurationList section */
	};
	rootObject = 896366C62BBC905200BEACA2 /* Project object */;
}
